
Microsoft Visual Studio Solution File, Format Version 12.00
# Visual Studio 15
VisualStudioVersion = 15.0.27428.2043
MinimumVisualStudioVersion = 10.0.40219.1
Project("{FAE04EC0-301F-11D3-BF4B-00C04F79EFBC}") = "BowieD.UnturnedRUS", "BowieD.UnturnedRUS\BowieD.UnturnedRUS.csproj", "{42347C03-D192-4EBB-8F33-CD72451CF8B5}"
EndProject
Project("{FAE04EC0-301F-11D3-BF4B-00C04F79EFBC}") = "updater", "updater\updater.csproj", "{BF7C45BD-82A1-4D54-9B1E-7A6814A44370}"
EndProject
Global
	GlobalSection(SolutionConfigurationPlatforms) = preSolution
		Debug|Any CPU = Debug|Any CPU
		Release|Any CPU = Release|Any CPU
	EndGlobalSection
	GlobalSection(ProjectConfigurationPlatforms) = postSolution
		{42347C03-D192-4EBB-8F33-CD72451CF8B5}.Debug|Any CPU.ActiveCfg = Debug|Any CPU
		{42347C03-D192-4EBB-8F33-CD72451CF8B5}.Debug|Any CPU.Build.0 = Debug|Any CPU
		{42347C03-D192-4EBB-8F33-CD72451CF8B5}.Release|Any CPU.ActiveCfg = Release|Any CPU
		{42347C03-D192-4EBB-8F33-CD72451CF8B5}.Release|Any CPU.Build.0 = Release|Any CPU
		{BF7C45BD-82A1-4D54-9B1E-7A6814A44370}.Debug|Any CPU.ActiveCfg = Debug|Any CPU
		{BF7C45BD-82A1-4D54-9B1E-7A6814A44370}.Debug|Any CPU.Build.0 = Debug|Any CPU
		{BF7C45BD-82A1-4D54-9B1E-7A6814A44370}.Release|Any CPU.ActiveCfg = Release|Any CPU
		{BF7C45BD-82A1-4D54-9B1E-7A6814A44370}.Release|Any CPU.Build.0 = Release|Any CPU
	EndGlobalSection
	GlobalSection(SolutionProperties) = preSolution
		HideSolutionNode = FALSE
	EndGlobalSection
	GlobalSection(ExtensibilityGlobals) = postSolution
		SolutionGuid = {26786733-076F-4385-B853-FB787079EC5C}
	EndGlobalSection
EndGlobal
